
Microsoft Visual Studio Solution File, Format Version 12.00
# Visual Studio Version 17
VisualStudioVersion = 17.4.32916.344
MinimumVisualStudioVersion = 10.0.40219.1
Project("{9A19103F-16F7-4668-BE54-9A1E7A4F7556}") = "TabMangment", "TabMangment\TabMangment.csproj", "{87A253D9-46DE-4CD6-BA00-93670D46654F}"
EndProject
Project("{FAE04EC0-301F-11D3-BF4B-00C04F79EFBC}") = "DAL", "DAL\DAL.csproj", "{915284F0-BCBB-40C3-865C-71DC4ABBF056}"
EndProject
Project("{FAE04EC0-301F-11D3-BF4B-00C04F79EFBC}") = "BL", "BL\BL.csproj", "{81FB043E-E26C-4E1C-BE0C-6EA4C8135759}"
EndProject
Global
	GlobalSection(SolutionConfigurationPlatforms) = preSolution
		Debug|Any CPU = Debug|Any CPU
		Release|Any CPU = Release|Any CPU
	EndGlobalSection
	GlobalSection(ProjectConfigurationPlatforms) = postSolution
		{87A253D9-46DE-4CD6-BA00-93670D46654F}.Debug|Any CPU.ActiveCfg = Debug|Any CPU
		{87A253D9-46DE-4CD6-BA00-93670D46654F}.Debug|Any CPU.Build.0 = Debug|Any CPU
		{87A253D9-46DE-4CD6-BA00-93670D46654F}.Release|Any CPU.ActiveCfg = Release|Any CPU
		{87A253D9-46DE-4CD6-BA00-93670D46654F}.Release|Any CPU.Build.0 = Release|Any CPU
		{915284F0-BCBB-40C3-865C-71DC4ABBF056}.Debug|Any CPU.ActiveCfg = Debug|Any CPU
		{915284F0-BCBB-40C3-865C-71DC4ABBF056}.Debug|Any CPU.Build.0 = Debug|Any CPU
		{915284F0-BCBB-40C3-865C-71DC4ABBF056}.Release|Any CPU.ActiveCfg = Release|Any CPU
		{915284F0-BCBB-40C3-865C-71DC4ABBF056}.Release|Any CPU.Build.0 = Release|Any CPU
		{81FB043E-E26C-4E1C-BE0C-6EA4C8135759}.Debug|Any CPU.ActiveCfg = Debug|Any CPU
		{81FB043E-E26C-4E1C-BE0C-6EA4C8135759}.Debug|Any CPU.Build.0 = Debug|Any CPU
		{81FB043E-E26C-4E1C-BE0C-6EA4C8135759}.Release|Any CPU.ActiveCfg = Release|Any CPU
		{81FB043E-E26C-4E1C-BE0C-6EA4C8135759}.Release|Any CPU.Build.0 = Release|Any CPU
	EndGlobalSection
	GlobalSection(SolutionProperties) = preSolution
		HideSolutionNode = FALSE
	EndGlobalSection
	GlobalSection(ExtensibilityGlobals) = postSolution
		SolutionGuid = {ADA96B35-EFEF-44AE-8AC0-2F3DFDDC66DB}
	EndGlobalSection
EndGlobal
